
Microsoft Visual Studio Solution File, Format Version 12.00
# Visual Studio Version 17
VisualStudioVersion = 17.0.31903.59
MinimumVisualStudioVersion = 10.0.40219.1
Project("{2150E333-8FDC-42A3-9474-1A3956D46DE8}") = "src", "src", "{827E0CD3-B72D-47B6-A68D-7590B98EB39B}"
EndProject
Project("{FAE04EC0-301F-11D3-BF4B-00C04F79EFBC}") = "TraceRag.Core", "src\TraceRag.Core\TraceRag.Core.csproj", "{ADD6451D-081E-4BAB-86B3-EED3A2F45037}"
EndProject
Project("{FAE04EC0-301F-11D3-BF4B-00C04F79EFBC}") = "TraceRag.Api", "src\TraceRag.Api\TraceRag.Api.csproj", "{CD58A316-0343-4E4D-A401-6FD96A5CBF52}"
EndProject
Project("{2150E333-8FDC-42A3-9474-1A3956D46DE8}") = "tests", "tests", "{0AB3BF05-4346-4AA6-1389-037BE0695223}"
EndProject
Project("{FAE04EC0-301F-11D3-BF4B-00C04F79EFBC}") = "TraceRag.Tests", "tests\TraceRag.Tests\TraceRag.Tests.csproj", "{7BFED2AC-EBCF-44AD-8BF3-E4C0AB0C0749}"
EndProject
Global
	GlobalSection(SolutionConfigurationPlatforms) = preSolution
		Debug|Any CPU = Debug|Any CPU
		Debug|x64 = Debug|x64
		Debug|x86 = Debug|x86
		Release|Any CPU = Release|Any CPU
		Release|x64 = Release|x64
		Release|x86 = Release|x86
	EndGlobalSection
	GlobalSection(ProjectConfigurationPlatforms) = postSolution
		{ADD6451D-081E-4BAB-86B3-EED3A2F45037}.Debug|Any CPU.ActiveCfg = Debug|Any CPU
		{ADD6451D-081E-4BAB-86B3-EED3A2F45037}.Debug|Any CPU.Build.0 = Debug|Any CPU
		{ADD6451D-081E-4BAB-86B3-EED3A2F45037}.Debug|x64.ActiveCfg = Debug|Any CPU
		{ADD6451D-081E-4BAB-86B3-EED3A2F45037}.Debug|x64.Build.0 = Debug|Any CPU
		{ADD6451D-081E-4BAB-86B3-EED3A2F45037}.Debug|x86.ActiveCfg = Debug|Any CPU
		{ADD6451D-081E-4BAB-86B3-EED3A2F45037}.Debug|x86.Build.0 = Debug|Any CPU
		{ADD6451D-081E-4BAB-86B3-EED3A2F45037}.Release|Any CPU.ActiveCfg = Release|Any CPU
		{ADD6451D-081E-4BAB-86B3-EED3A2F45037}.Release|Any CPU.Build.0 = Release|Any CPU
		{ADD6451D-081E-4BAB-86B3-EED3A2F45037}.Release|x64.ActiveCfg = Release|Any CPU
		{ADD6451D-081E-4BAB-86B3-EED3A2F45037}.Release|x64.Build.0 = Release|Any CPU
		{ADD6451D-081E-4BAB-86B3-EED3A2F45037}.Release|x86.ActiveCfg = Release|Any CPU
		{ADD6451D-081E-4BAB-86B3-EED3A2F45037}.Release|x86.Build.0 = Release|Any CPU
		{CD58A316-0343-4E4D-A401-6FD96A5CBF52}.Debug|Any CPU.ActiveCfg = Debug|Any CPU
		{CD58A316-0343-4E4D-A401-6FD96A5CBF52}.Debug|Any CPU.Build.0 = Debug|Any CPU
		{CD58A316-0343-4E4D-A401-6FD96A5CBF52}.Debug|x64.ActiveCfg = Debug|Any CPU
		{CD58A316-0343-4E4D-A401-6FD96A5CBF52}.Debug|x64.Build.0 = Debug|Any CPU
		{CD58A316-0343-4E4D-A401-6FD96A5CBF52}.Debug|x86.ActiveCfg = Debug|Any CPU
		{CD58A316-0343-4E4D-A401-6FD96A5CBF52}.Debug|x86.Build.0 = Debug|Any CPU
		{CD58A316-0343-4E4D-A401-6FD96A5CBF52}.Release|Any CPU.ActiveCfg = Release|Any CPU
		{CD58A316-0343-4E4D-A401-6FD96A5CBF52}.Release|Any CPU.Build.0 = Release|Any CPU
		{CD58A316-0343-4E4D-A401-6FD96A5CBF52}.Release|x64.ActiveCfg = Release|Any CPU
		{CD58A316-0343-4E4D-A401-6FD96A5CBF52}.Release|x64.Build.0 = Release|Any CPU
		{CD58A316-0343-4E4D-A401-6FD96A5CBF52}.Release|x86.ActiveCfg = Release|Any CPU
		{CD58A316-0343-4E4D-A401-6FD96A5CBF52}.Release|x86.Build.0 = Release|Any CPU
		{7BFED2AC-EBCF-44AD-8BF3-E4C0AB0C0749}.Debug|Any CPU.ActiveCfg = Debug|Any CPU
		{7BFED2AC-EBCF-44AD-8BF3-E4C0AB0C0749}.Debug|Any CPU.Build.0 = Debug|Any CPU
		{7BFED2AC-EBCF-44AD-8BF3-E4C0AB0C0749}.Debug|x64.ActiveCfg = Debug|Any CPU
		{7BFED2AC-EBCF-44AD-8BF3-E4C0AB0C0749}.Debug|x64.Build.0 = Debug|Any CPU
		{7BFED2AC-EBCF-44AD-8BF3-E4C0AB0C0749}.Debug|x86.ActiveCfg = Debug|Any CPU
		{7BFED2AC-EBCF-44AD-8BF3-E4C0AB0C0749}.Debug|x86.Build.0 = Debug|Any CPU
		{7BFED2AC-EBCF-44AD-8BF3-E4C0AB0C0749}.Release|Any CPU.ActiveCfg = Release|Any CPU
		{7BFED2AC-EBCF-44AD-8BF3-E4C0AB0C0749}.Release|Any CPU.Build.0 = Release|Any CPU
		{7BFED2AC-EBCF-44AD-8BF3-E4C0AB0C0749}.Release|x64.ActiveCfg = Release|Any CPU
		{7BFED2AC-EBCF-44AD-8BF3-E4C0AB0C0749}.Release|x64.Build.0 = Release|Any CPU
		{7BFED2AC-EBCF-44AD-8BF3-E4C0AB0C0749}.Release|x86.ActiveCfg = Release|Any CPU
		{7BFED2AC-EBCF-44AD-8BF3-E4C0AB0C0749}.Release|x86.Build.0 = Release|Any CPU
	EndGlobalSection
	GlobalSection(SolutionProperties) = preSolution
		HideSolutionNode = FALSE
	EndGlobalSection
	GlobalSection(NestedProjects) = preSolution
		{ADD6451D-081E-4BAB-86B3-EED3A2F45037} = {827E0CD3-B72D-47B6-A68D-7590B98EB39B}
		{CD58A316-0343-4E4D-A401-6FD96A5CBF52} = {827E0CD3-B72D-47B6-A68D-7590B98EB39B}
		{7BFED2AC-EBCF-44AD-8BF3-E4C0AB0C0749} = {0AB3BF05-4346-4AA6-1389-037BE0695223}
	EndGlobalSection
EndGlobal
